
Microsoft Visual Studio Solution File, Format Version 12.00
# Visual Studio 15
VisualStudioVersion = 15.0.27703.2035
MinimumVisualStudioVersion = 10.0.40219.1
Project("{FAE04EC0-301F-11D3-BF4B-00C04F79EFBC}") = "SwaggerIntroduction", "SwaggerIntroduction\SwaggerIntroduction.csproj", "{655A1AB3-FB9F-413F-B59E-EF26CD7D226D}"
EndProject
Global
	GlobalSection(SolutionConfigurationPlatforms) = preSolution
		Debug|Any CPU = Debug|Any CPU
		Release|Any CPU = Release|Any CPU
	EndGlobalSection
	GlobalSection(ProjectConfigurationPlatforms) = postSolution
		{655A1AB3-FB9F-413F-B59E-EF26CD7D226D}.Debug|Any CPU.ActiveCfg = Debug|Any CPU
		{655A1AB3-FB9F-413F-B59E-EF26CD7D226D}.Debug|Any CPU.Build.0 = Debug|Any CPU
		{655A1AB3-FB9F-413F-B59E-EF26CD7D226D}.Release|Any CPU.ActiveCfg = Release|Any CPU
		{655A1AB3-FB9F-413F-B59E-EF26CD7D226D}.Release|Any CPU.Build.0 = Release|Any CPU
	EndGlobalSection
	GlobalSection(SolutionProperties) = preSolution
		HideSolutionNode = FALSE
	EndGlobalSection
	GlobalSection(ExtensibilityGlobals) = postSolution
		SolutionGuid = {247419BE-6A79-4A0F-8283-AA2F3B571198}
	EndGlobalSection
EndGlobal
